
Microsoft Visual Studio Solution File, Format Version 12.00
# Visual Studio Version 16
VisualStudioVersion = 16.0.810.21
MinimumVisualStudioVersion = 10.0.40219.1
Project("{9A19103F-16F7-4668-BE54-9A1E7A4F7556}") = "SharpStomp.Core", "SharpStomp.Core\SharpStomp.Core.csproj", "{05DE69CA-CE83-44BA-B655-A038881856D5}"
EndProject
Project("{9A19103F-16F7-4668-BE54-9A1E7A4F7556}") = "SharpStomp.Sample", "SharpStomp.Sample\SharpStomp.Sample.csproj", "{2B59D4CC-BCA2-4F0E-ADDB-6A26F309CBD6}"
EndProject
Global
	GlobalSection(SolutionConfigurationPlatforms) = preSolution
		Debug|Any CPU = Debug|Any CPU
		Release|Any CPU = Release|Any CPU
	EndGlobalSection
	GlobalSection(ProjectConfigurationPlatforms) = postSolution
		{05DE69CA-CE83-44BA-B655-A038881856D5}.Debug|Any CPU.ActiveCfg = Debug|Any CPU
		{05DE69CA-CE83-44BA-B655-A038881856D5}.Debug|Any CPU.Build.0 = Debug|Any CPU
		{05DE69CA-CE83-44BA-B655-A038881856D5}.Release|Any CPU.ActiveCfg = Release|Any CPU
		{05DE69CA-CE83-44BA-B655-A038881856D5}.Release|Any CPU.Build.0 = Release|Any CPU
		{2B59D4CC-BCA2-4F0E-ADDB-6A26F309CBD6}.Debug|Any CPU.ActiveCfg = Debug|Any CPU
		{2B59D4CC-BCA2-4F0E-ADDB-6A26F309CBD6}.Debug|Any CPU.Build.0 = Debug|Any CPU
		{2B59D4CC-BCA2-4F0E-ADDB-6A26F309CBD6}.Release|Any CPU.ActiveCfg = Release|Any CPU
		{2B59D4CC-BCA2-4F0E-ADDB-6A26F309CBD6}.Release|Any CPU.Build.0 = Release|Any CPU
	EndGlobalSection
	GlobalSection(SolutionProperties) = preSolution
		HideSolutionNode = FALSE
	EndGlobalSection
	GlobalSection(ExtensibilityGlobals) = postSolution
		SolutionGuid = {BD79328E-1427-4694-8B44-536AE7D9EAF1}
	EndGlobalSection
EndGlobal
